
Microsoft Visual Studio Solution File, Format Version 12.00
# Visual Studio Version 17
VisualStudioVersion = 17.13.35919.96
MinimumVisualStudioVersion = 10.0.40219.1
Project("{FAE04EC0-301F-11D3-BF4B-00C04F79EFBC}") = "Buses", "Visual Programming\Buses.csproj", "{4E4AC87A-AC99-404A-BB1D-D864DB24DAF6}"
EndProject
Project("{FAE04EC0-301F-11D3-BF4B-00C04F79EFBC}") = "ConferencePapers", "ConferencePapers\ConferencePapers.csproj", "{4ECE82D8-0BFC-4C37-9725-0939BEF7CFBF}"
EndProject
Project("{FAE04EC0-301F-11D3-BF4B-00C04F79EFBC}") = "TVShows", "TVShows\TVShows.csproj", "{12B63CC1-DF35-423F-B872-896E8054F845}"
EndProject
Global
	GlobalSection(SolutionConfigurationPlatforms) = preSolution
		Debug|Any CPU = Debug|Any CPU
		Release|Any CPU = Release|Any CPU
	EndGlobalSection
	GlobalSection(ProjectConfigurationPlatforms) = postSolution
		{4E4AC87A-AC99-404A-BB1D-D864DB24DAF6}.Debug|Any CPU.ActiveCfg = Debug|Any CPU
		{4E4AC87A-AC99-404A-BB1D-D864DB24DAF6}.Debug|Any CPU.Build.0 = Debug|Any CPU
		{4E4AC87A-AC99-404A-BB1D-D864DB24DAF6}.Release|Any CPU.ActiveCfg = Release|Any CPU
		{4E4AC87A-AC99-404A-BB1D-D864DB24DAF6}.Release|Any CPU.Build.0 = Release|Any CPU
		{4ECE82D8-0BFC-4C37-9725-0939BEF7CFBF}.Debug|Any CPU.ActiveCfg = Debug|Any CPU
		{4ECE82D8-0BFC-4C37-9725-0939BEF7CFBF}.Debug|Any CPU.Build.0 = Debug|Any CPU
		{4ECE82D8-0BFC-4C37-9725-0939BEF7CFBF}.Release|Any CPU.ActiveCfg = Release|Any CPU
		{4ECE82D8-0BFC-4C37-9725-0939BEF7CFBF}.Release|Any CPU.Build.0 = Release|Any CPU
		{12B63CC1-DF35-423F-B872-896E8054F845}.Debug|Any CPU.ActiveCfg = Debug|Any CPU
		{12B63CC1-DF35-423F-B872-896E8054F845}.Debug|Any CPU.Build.0 = Debug|Any CPU
		{12B63CC1-DF35-423F-B872-896E8054F845}.Release|Any CPU.ActiveCfg = Release|Any CPU
		{12B63CC1-DF35-423F-B872-896E8054F845}.Release|Any CPU.Build.0 = Release|Any CPU
	EndGlobalSection
	GlobalSection(SolutionProperties) = preSolution
		HideSolutionNode = FALSE
	EndGlobalSection
	GlobalSection(ExtensibilityGlobals) = postSolution
		SolutionGuid = {EBD32376-6B93-4804-945C-7E176CE904E7}
	EndGlobalSection
EndGlobal
