
Microsoft Visual Studio Solution File, Format Version 12.00
# Visual Studio Version 17
VisualStudioVersion = 17.13.35919.96
MinimumVisualStudioVersion = 10.0.40219.1
Project("{FAE04EC0-301F-11D3-BF4B-00C04F79EFBC}") = "Buses", "Visual Programming\Buses.csproj", "{4E4AC87A-AC99-404A-BB1D-D864DB24DAF6}"
EndProject
Project("{FAE04EC0-301F-11D3-BF4B-00C04F79EFBC}") = "ConferencePapers", "ConferencePapers\ConferencePapers.csproj", "{4ECE82D8-0BFC-4C37-9725-0939BEF7CFBF}"
EndProject
Project("{FAE04EC0-301F-11D3-BF4B-00C04F79EFBC}") = "TVShows", "TVShows\TVShows.csproj", "{12B63CC1-DF35-423F-B872-896E8054F845}"
EndProject
Project("{FAE04EC0-301F-11D3-BF4B-00C04F79EFBC}") = "Exams", "Exams\Exams.csproj", "{F3AD9F47-7D8D-4922-A7E7-E02E366FF375}"
EndProject
Project("{FAE04EC0-301F-11D3-BF4B-00C04F79EFBC}") = "Hangman", "Hangman\Hangman.csproj", "{B17B9FA3-ABBF-440D-B9AD-532584338FD0}"
EndProject
Project("{FAE04EC0-301F-11D3-BF4B-00C04F79EFBC}") = "DrawObjects", "DrawObjects\DrawObjects.csproj", "{A1269662-AD99-45C0-B0AA-85B381CAD9E4}"
EndProject
Project("{FAE04EC0-301F-11D3-BF4B-00C04F79EFBC}") = "Lines", "Lines\Lines.csproj", "{173AD640-621D-4A66-AA5F-F61664D1B20B}"
EndProject
Project("{FAE04EC0-301F-11D3-BF4B-00C04F79EFBC}") = "Polygons", "Polygons\Polygons.csproj", "{8AF4B340-0BEB-491A-8627-1E66BAB43357}"
EndProject
Project("{FAE04EC0-301F-11D3-BF4B-00C04F79EFBC}") = "FlyingBalls", "FlyingBalls\FlyingBalls.csproj", "{4FDAEBE0-B4D4-4B22-AEEE-68C8DCFDF50D}"
EndProject
Project("{FAE04EC0-301F-11D3-BF4B-00C04F79EFBC}") = "HuntingBalls", "HuntingBalls\HuntingBalls.csproj", "{24CB9008-4CF4-43E2-BBE5-BC9EF738FF68}"
EndProject
Project("{FAE04EC0-301F-11D3-BF4B-00C04F79EFBC}") = "BlinkingBalls", "Blinking Balls\BlinkingBalls.csproj", "{0CCA13ED-C7D9-4603-8B5B-121EEC2100C0}"
EndProject
Global
	GlobalSection(SolutionConfigurationPlatforms) = preSolution
		Debug|Any CPU = Debug|Any CPU
		Release|Any CPU = Release|Any CPU
	EndGlobalSection
	GlobalSection(ProjectConfigurationPlatforms) = postSolution
		{4E4AC87A-AC99-404A-BB1D-D864DB24DAF6}.Debug|Any CPU.ActiveCfg = Debug|Any CPU
		{4E4AC87A-AC99-404A-BB1D-D864DB24DAF6}.Debug|Any CPU.Build.0 = Debug|Any CPU
		{4E4AC87A-AC99-404A-BB1D-D864DB24DAF6}.Release|Any CPU.ActiveCfg = Release|Any CPU
		{4E4AC87A-AC99-404A-BB1D-D864DB24DAF6}.Release|Any CPU.Build.0 = Release|Any CPU
		{4ECE82D8-0BFC-4C37-9725-0939BEF7CFBF}.Debug|Any CPU.ActiveCfg = Debug|Any CPU
		{4ECE82D8-0BFC-4C37-9725-0939BEF7CFBF}.Debug|Any CPU.Build.0 = Debug|Any CPU
		{4ECE82D8-0BFC-4C37-9725-0939BEF7CFBF}.Release|Any CPU.ActiveCfg = Release|Any CPU
		{4ECE82D8-0BFC-4C37-9725-0939BEF7CFBF}.Release|Any CPU.Build.0 = Release|Any CPU
		{12B63CC1-DF35-423F-B872-896E8054F845}.Debug|Any CPU.ActiveCfg = Debug|Any CPU
		{12B63CC1-DF35-423F-B872-896E8054F845}.Debug|Any CPU.Build.0 = Debug|Any CPU
		{12B63CC1-DF35-423F-B872-896E8054F845}.Release|Any CPU.ActiveCfg = Release|Any CPU
		{12B63CC1-DF35-423F-B872-896E8054F845}.Release|Any CPU.Build.0 = Release|Any CPU
		{F3AD9F47-7D8D-4922-A7E7-E02E366FF375}.Debug|Any CPU.ActiveCfg = Debug|Any CPU
		{F3AD9F47-7D8D-4922-A7E7-E02E366FF375}.Debug|Any CPU.Build.0 = Debug|Any CPU
		{F3AD9F47-7D8D-4922-A7E7-E02E366FF375}.Release|Any CPU.ActiveCfg = Release|Any CPU
		{F3AD9F47-7D8D-4922-A7E7-E02E366FF375}.Release|Any CPU.Build.0 = Release|Any CPU
		{B17B9FA3-ABBF-440D-B9AD-532584338FD0}.Debug|Any CPU.ActiveCfg = Debug|Any CPU
		{B17B9FA3-ABBF-440D-B9AD-532584338FD0}.Debug|Any CPU.Build.0 = Debug|Any CPU
		{B17B9FA3-ABBF-440D-B9AD-532584338FD0}.Release|Any CPU.ActiveCfg = Release|Any CPU
		{B17B9FA3-ABBF-440D-B9AD-532584338FD0}.Release|Any CPU.Build.0 = Release|Any CPU
		{A1269662-AD99-45C0-B0AA-85B381CAD9E4}.Debug|Any CPU.ActiveCfg = Debug|Any CPU
		{A1269662-AD99-45C0-B0AA-85B381CAD9E4}.Debug|Any CPU.Build.0 = Debug|Any CPU
		{A1269662-AD99-45C0-B0AA-85B381CAD9E4}.Release|Any CPU.ActiveCfg = Release|Any CPU
		{A1269662-AD99-45C0-B0AA-85B381CAD9E4}.Release|Any CPU.Build.0 = Release|Any CPU
		{173AD640-621D-4A66-AA5F-F61664D1B20B}.Debug|Any CPU.ActiveCfg = Debug|Any CPU
		{173AD640-621D-4A66-AA5F-F61664D1B20B}.Debug|Any CPU.Build.0 = Debug|Any CPU
		{173AD640-621D-4A66-AA5F-F61664D1B20B}.Release|Any CPU.ActiveCfg = Release|Any CPU
		{173AD640-621D-4A66-AA5F-F61664D1B20B}.Release|Any CPU.Build.0 = Release|Any CPU
		{8AF4B340-0BEB-491A-8627-1E66BAB43357}.Debug|Any CPU.ActiveCfg = Debug|Any CPU
		{8AF4B340-0BEB-491A-8627-1E66BAB43357}.Debug|Any CPU.Build.0 = Debug|Any CPU
		{8AF4B340-0BEB-491A-8627-1E66BAB43357}.Release|Any CPU.ActiveCfg = Release|Any CPU
		{8AF4B340-0BEB-491A-8627-1E66BAB43357}.Release|Any CPU.Build.0 = Release|Any CPU
		{4FDAEBE0-B4D4-4B22-AEEE-68C8DCFDF50D}.Debug|Any CPU.ActiveCfg = Debug|Any CPU
		{4FDAEBE0-B4D4-4B22-AEEE-68C8DCFDF50D}.Debug|Any CPU.Build.0 = Debug|Any CPU
		{4FDAEBE0-B4D4-4B22-AEEE-68C8DCFDF50D}.Release|Any CPU.ActiveCfg = Release|Any CPU
		{4FDAEBE0-B4D4-4B22-AEEE-68C8DCFDF50D}.Release|Any CPU.Build.0 = Release|Any CPU
		{24CB9008-4CF4-43E2-BBE5-BC9EF738FF68}.Debug|Any CPU.ActiveCfg = Debug|Any CPU
		{24CB9008-4CF4-43E2-BBE5-BC9EF738FF68}.Debug|Any CPU.Build.0 = Debug|Any CPU
		{24CB9008-4CF4-43E2-BBE5-BC9EF738FF68}.Release|Any CPU.ActiveCfg = Release|Any CPU
		{24CB9008-4CF4-43E2-BBE5-BC9EF738FF68}.Release|Any CPU.Build.0 = Release|Any CPU
		{0CCA13ED-C7D9-4603-8B5B-121EEC2100C0}.Debug|Any CPU.ActiveCfg = Debug|Any CPU
		{0CCA13ED-C7D9-4603-8B5B-121EEC2100C0}.Debug|Any CPU.Build.0 = Debug|Any CPU
		{0CCA13ED-C7D9-4603-8B5B-121EEC2100C0}.Release|Any CPU.ActiveCfg = Release|Any CPU
		{0CCA13ED-C7D9-4603-8B5B-121EEC2100C0}.Release|Any CPU.Build.0 = Release|Any CPU
	EndGlobalSection
	GlobalSection(SolutionProperties) = preSolution
		HideSolutionNode = FALSE
	EndGlobalSection
	GlobalSection(ExtensibilityGlobals) = postSolution
		SolutionGuid = {EBD32376-6B93-4804-945C-7E176CE904E7}
	EndGlobalSection
EndGlobal
